<?xml version="1.0" encoding="UTF-8"?>
<CodeBlocks_project_file>
	<FileVersion major="1" minor="6"/>
	<Project>
		<Option title="cpp_indie_studio"/>
		<Option makefile_is_custom="1"/>
		<Option compiler="gcc"/>
		<Option virtualFolders="CMake Files\;"/>
		<Build>
			<Target title="all">
				<Option working_dir="/home/Mardel/ModulesTek2/C++/cpp_indie_studio"/>
				<Option type="4"/>
				<MakeCommands>
					<Build command="/usr/bin/gmake -f &quot;/home/Mardel/ModulesTek2/C++/cpp_indie_studio/Makefile&quot;  VERBOSE=1 all"/>
					<CompileFile command="/usr/bin/gmake -f &quot;/home/Mardel/ModulesTek2/C++/cpp_indie_studio/Makefile&quot;  VERBOSE=1 &quot;$file&quot;"/>
					<Clean command="/usr/bin/gmake -f &quot;/home/Mardel/ModulesTek2/C++/cpp_indie_studio/Makefile&quot;  VERBOSE=1 clean"/>
					<DistClean command="/usr/bin/gmake -f &quot;/home/Mardel/ModulesTek2/C++/cpp_indie_studio/Makefile&quot;  VERBOSE=1 clean"/>
				</MakeCommands>
			</Target>
			<Target title="rebuild_cache">
				<Option working_dir="/home/Mardel/ModulesTek2/C++/cpp_indie_studio"/>
				<Option type="4"/>
				<MakeCommands>
					<Build command="/usr/bin/gmake -f &quot;/home/Mardel/ModulesTek2/C++/cpp_indie_studio/Makefile&quot;  VERBOSE=1 rebuild_cache"/>
					<CompileFile command="/usr/bin/gmake -f &quot;/home/Mardel/ModulesTek2/C++/cpp_indie_studio/Makefile&quot;  VERBOSE=1 &quot;$file&quot;"/>
					<Clean command="/usr/bin/gmake -f &quot;/home/Mardel/ModulesTek2/C++/cpp_indie_studio/Makefile&quot;  VERBOSE=1 clean"/>
					<DistClean command="/usr/bin/gmake -f &quot;/home/Mardel/ModulesTek2/C++/cpp_indie_studio/Makefile&quot;  VERBOSE=1 clean"/>
				</MakeCommands>
			</Target>
			<Target title="edit_cache">
				<Option working_dir="/home/Mardel/ModulesTek2/C++/cpp_indie_studio"/>
				<Option type="4"/>
				<MakeCommands>
					<Build command="/usr/bin/gmake -f &quot;/home/Mardel/ModulesTek2/C++/cpp_indie_studio/Makefile&quot;  VERBOSE=1 edit_cache"/>
					<CompileFile command="/usr/bin/gmake -f &quot;/home/Mardel/ModulesTek2/C++/cpp_indie_studio/Makefile&quot;  VERBOSE=1 &quot;$file&quot;"/>
					<Clean command="/usr/bin/gmake -f &quot;/home/Mardel/ModulesTek2/C++/cpp_indie_studio/Makefile&quot;  VERBOSE=1 clean"/>
					<DistClean command="/usr/bin/gmake -f &quot;/home/Mardel/ModulesTek2/C++/cpp_indie_studio/Makefile&quot;  VERBOSE=1 clean"/>
				</MakeCommands>
			</Target>
			<Target title="bomberman">
				<Option output="/home/Mardel/ModulesTek2/C++/cpp_indie_studio/bomberman" prefix_auto="0" extension_auto="0"/>
				<Option working_dir="/home/Mardel/ModulesTek2/C++/cpp_indie_studio"/>
				<Option object_output="./"/>
				<Option type="1"/>
				<Option compiler="gcc"/>
				<Compiler>
					<Add directory="/home/Mardel/ModulesTek2/C++/cpp_indie_studio/include"/>
					<Add directory="/home/Mardel/ModulesTek2/C++/cpp_indie_studio/lib/irrlicht-1.8.4/include"/>
				</Compiler>
				<MakeCommands>
					<Build command="/usr/bin/gmake -f &quot;/home/Mardel/ModulesTek2/C++/cpp_indie_studio/Makefile&quot;  VERBOSE=1 bomberman"/>
					<CompileFile command="/usr/bin/gmake -f &quot;/home/Mardel/ModulesTek2/C++/cpp_indie_studio/Makefile&quot;  VERBOSE=1 &quot;$file&quot;"/>
					<Clean command="/usr/bin/gmake -f &quot;/home/Mardel/ModulesTek2/C++/cpp_indie_studio/Makefile&quot;  VERBOSE=1 clean"/>
					<DistClean command="/usr/bin/gmake -f &quot;/home/Mardel/ModulesTek2/C++/cpp_indie_studio/Makefile&quot;  VERBOSE=1 clean"/>
				</MakeCommands>
			</Target>
			<Target title="bomberman/fast">
				<Option output="/home/Mardel/ModulesTek2/C++/cpp_indie_studio/bomberman" prefix_auto="0" extension_auto="0"/>
				<Option working_dir="/home/Mardel/ModulesTek2/C++/cpp_indie_studio"/>
				<Option object_output="./"/>
				<Option type="1"/>
				<Option compiler="gcc"/>
				<Compiler>
					<Add directory="/home/Mardel/ModulesTek2/C++/cpp_indie_studio/include"/>
					<Add directory="/home/Mardel/ModulesTek2/C++/cpp_indie_studio/lib/irrlicht-1.8.4/include"/>
				</Compiler>
				<MakeCommands>
					<Build command="/usr/bin/gmake -f &quot;/home/Mardel/ModulesTek2/C++/cpp_indie_studio/Makefile&quot;  VERBOSE=1 bomberman/fast"/>
					<CompileFile command="/usr/bin/gmake -f &quot;/home/Mardel/ModulesTek2/C++/cpp_indie_studio/Makefile&quot;  VERBOSE=1 &quot;$file&quot;"/>
					<Clean command="/usr/bin/gmake -f &quot;/home/Mardel/ModulesTek2/C++/cpp_indie_studio/Makefile&quot;  VERBOSE=1 clean"/>
					<DistClean command="/usr/bin/gmake -f &quot;/home/Mardel/ModulesTek2/C++/cpp_indie_studio/Makefile&quot;  VERBOSE=1 clean"/>
				</MakeCommands>
			</Target>
		</Build>
		<Unit filename="/home/Mardel/ModulesTek2/C++/cpp_indie_studio/include/ANetworkClient.h">
			<Option target="bomberman"/>
		</Unit>
		<Unit filename="/home/Mardel/ModulesTek2/C++/cpp_indie_studio/include/ANetworkController.h">
			<Option target="bomberman"/>
		</Unit>
		<Unit filename="/home/Mardel/ModulesTek2/C++/cpp_indie_studio/include/BackgroundLoader.hpp">
			<Option target="bomberman"/>
		</Unit>
		<Unit filename="/home/Mardel/ModulesTek2/C++/cpp_indie_studio/include/BinaryDataReader.h">
			<Option target="bomberman"/>
		</Unit>
		<Unit filename="/home/Mardel/ModulesTek2/C++/cpp_indie_studio/include/BinaryDataWriter.h">
			<Option target="bomberman"/>
		</Unit>
		<Unit filename="/home/Mardel/ModulesTek2/C++/cpp_indie_studio/include/Bomb.hpp">
			<Option target="bomberman"/>
		</Unit>
		<Unit filename="/home/Mardel/ModulesTek2/C++/cpp_indie_studio/include/BomberWave.hpp">
			<Option target="bomberman"/>
		</Unit>
		<Unit filename="/home/Mardel/ModulesTek2/C++/cpp_indie_studio/include/Exceptions.hpp">
			<Option target="bomberman"/>
		</Unit>
		<Unit filename="/home/Mardel/ModulesTek2/C++/cpp_indie_studio/include/Explosion.hpp">
			<Option target="bomberman"/>
		</Unit>
		<Unit filename="/home/Mardel/ModulesTek2/C++/cpp_indie_studio/include/GameClient.h">
			<Option target="bomberman"/>
		</Unit>
		<Unit filename="/home/Mardel/ModulesTek2/C++/cpp_indie_studio/include/GameClientHandler.h">
			<Option target="bomberman"/>
		</Unit>
		<Unit filename="/home/Mardel/ModulesTek2/C++/cpp_indie_studio/include/GameDataSerializer.h">
			<Option target="bomberman"/>
		</Unit>
		<Unit filename="/home/Mardel/ModulesTek2/C++/cpp_indie_studio/include/GameInputManager.hpp">
			<Option target="bomberman"/>
		</Unit>
		<Unit filename="/home/Mardel/ModulesTek2/C++/cpp_indie_studio/include/GameManager.hpp">
			<Option target="bomberman"/>
		</Unit>
		<Unit filename="/home/Mardel/ModulesTek2/C++/cpp_indie_studio/include/GameMap.hpp">
			<Option target="bomberman"/>
		</Unit>
		<Unit filename="/home/Mardel/ModulesTek2/C++/cpp_indie_studio/include/GameMapFactory.h">
			<Option target="bomberman"/>
		</Unit>
		<Unit filename="/home/Mardel/ModulesTek2/C++/cpp_indie_studio/include/GameObject.hpp">
			<Option target="bomberman"/>
		</Unit>
		<Unit filename="/home/Mardel/ModulesTek2/C++/cpp_indie_studio/include/GameRenderer.hpp">
			<Option target="bomberman"/>
		</Unit>
		<Unit filename="/home/Mardel/ModulesTek2/C++/cpp_indie_studio/include/GameServer.h">
			<Option target="bomberman"/>
		</Unit>
		<Unit filename="/home/Mardel/ModulesTek2/C++/cpp_indie_studio/include/GameServerController.h">
			<Option target="bomberman"/>
		</Unit>
		<Unit filename="/home/Mardel/ModulesTek2/C++/cpp_indie_studio/include/GameSession.h">
			<Option target="bomberman"/>
		</Unit>
		<Unit filename="/home/Mardel/ModulesTek2/C++/cpp_indie_studio/include/GameSessionConnector.h">
			<Option target="bomberman"/>
		</Unit>
		<Unit filename="/home/Mardel/ModulesTek2/C++/cpp_indie_studio/include/GameSessionController.h">
			<Option target="bomberman"/>
		</Unit>
		<Unit filename="/home/Mardel/ModulesTek2/C++/cpp_indie_studio/include/GameSessionHandler.h">
			<Option target="bomberman"/>
		</Unit>
		<Unit filename="/home/Mardel/ModulesTek2/C++/cpp_indie_studio/include/GameTime.hpp">
			<Option target="bomberman"/>
		</Unit>
		<Unit filename="/home/Mardel/ModulesTek2/C++/cpp_indie_studio/include/GameUIManager.hpp">
			<Option target="bomberman"/>
		</Unit>
		<Unit filename="/home/Mardel/ModulesTek2/C++/cpp_indie_studio/include/GameUtils.hpp">
			<Option target="bomberman"/>
		</Unit>
		<Unit filename="/home/Mardel/ModulesTek2/C++/cpp_indie_studio/include/HelloConnectMessage.h">
			<Option target="bomberman"/>
		</Unit>
		<Unit filename="/home/Mardel/ModulesTek2/C++/cpp_indie_studio/include/MainMenu.hpp">
			<Option target="bomberman"/>
		</Unit>
		<Unit filename="/home/Mardel/ModulesTek2/C++/cpp_indie_studio/include/MapDataMessage.h">
			<Option target="bomberman"/>
		</Unit>
		<Unit filename="/home/Mardel/ModulesTek2/C++/cpp_indie_studio/include/Monster.hpp">
			<Option target="bomberman"/>
		</Unit>
		<Unit filename="/home/Mardel/ModulesTek2/C++/cpp_indie_studio/include/NetworkClientAdapter.h">
			<Option target="bomberman"/>
		</Unit>
		<Unit filename="/home/Mardel/ModulesTek2/C++/cpp_indie_studio/include/NetworkMessage.h">
			<Option target="bomberman"/>
		</Unit>
		<Unit filename="/home/Mardel/ModulesTek2/C++/cpp_indie_studio/include/NetworkProtocol.h">
			<Option target="bomberman"/>
		</Unit>
		<Unit filename="/home/Mardel/ModulesTek2/C++/cpp_indie_studio/include/Player.hpp">
			<Option target="bomberman"/>
		</Unit>
		<Unit filename="/home/Mardel/ModulesTek2/C++/cpp_indie_studio/include/PlayerBuff.hpp">
			<Option target="bomberman"/>
		</Unit>
		<Unit filename="/home/Mardel/ModulesTek2/C++/cpp_indie_studio/include/PowerUps.hpp">
			<Option target="bomberman"/>
		</Unit>
		<Unit filename="/home/Mardel/ModulesTek2/C++/cpp_indie_studio/include/Serializable.h">
			<Option target="bomberman"/>
		</Unit>
		<Unit filename="/home/Mardel/ModulesTek2/C++/cpp_indie_studio/include/Walls.hpp">
			<Option target="bomberman"/>
		</Unit>
		<Unit filename="/home/Mardel/ModulesTek2/C++/cpp_indie_studio/include/shared/ANetworkAsyncListener.h">
			<Option target="bomberman"/>
		</Unit>
		<Unit filename="/home/Mardel/ModulesTek2/C++/cpp_indie_studio/include/shared/ANetworkAsyncServer.h">
			<Option target="bomberman"/>
		</Unit>
		<Unit filename="/home/Mardel/ModulesTek2/C++/cpp_indie_studio/include/shared/ANetworkBuffer.h">
			<Option target="bomberman"/>
		</Unit>
		<Unit filename="/home/Mardel/ModulesTek2/C++/cpp_indie_studio/include/shared/ANetworkClientAdapter.h">
			<Option target="bomberman"/>
		</Unit>
		<Unit filename="/home/Mardel/ModulesTek2/C++/cpp_indie_studio/include/shared/BasicNetworkBuffer.h">
			<Option target="bomberman"/>
		</Unit>
		<Unit filename="/home/Mardel/ModulesTek2/C++/cpp_indie_studio/include/shared/INetworkClientHandler.h">
			<Option target="bomberman"/>
		</Unit>
		<Unit filename="/home/Mardel/ModulesTek2/C++/cpp_indie_studio/include/shared/Network.h">
			<Option target="bomberman"/>
		</Unit>
		<Unit filename="/home/Mardel/ModulesTek2/C++/cpp_indie_studio/include/shared/NetworkClient.h">
			<Option target="bomberman"/>
		</Unit>
		<Unit filename="/home/Mardel/ModulesTek2/C++/cpp_indie_studio/include/shared/NetworkSocket.h">
			<Option target="bomberman"/>
		</Unit>
		<Unit filename="/home/Mardel/ModulesTek2/C++/cpp_indie_studio/main.cpp">
			<Option target="bomberman"/>
		</Unit>
		<Unit filename="/home/Mardel/ModulesTek2/C++/cpp_indie_studio/sources/BackgroundLoader.cpp">
			<Option target="bomberman"/>
		</Unit>
		<Unit filename="/home/Mardel/ModulesTek2/C++/cpp_indie_studio/sources/BomberWave.cpp">
			<Option target="bomberman"/>
		</Unit>
		<Unit filename="/home/Mardel/ModulesTek2/C++/cpp_indie_studio/sources/Exceptions.cpp">
			<Option target="bomberman"/>
		</Unit>
		<Unit filename="/home/Mardel/ModulesTek2/C++/cpp_indie_studio/sources/GameInputManager.cpp">
			<Option target="bomberman"/>
		</Unit>
		<Unit filename="/home/Mardel/ModulesTek2/C++/cpp_indie_studio/sources/GameLobby.cpp">
			<Option target="bomberman"/>
		</Unit>
		<Unit filename="/home/Mardel/ModulesTek2/C++/cpp_indie_studio/sources/GameLobby.hpp">
			<Option target="bomberman"/>
		</Unit>
		<Unit filename="/home/Mardel/ModulesTek2/C++/cpp_indie_studio/sources/GameManager.cpp">
			<Option target="bomberman"/>
		</Unit>
		<Unit filename="/home/Mardel/ModulesTek2/C++/cpp_indie_studio/sources/GameMap.cpp">
			<Option target="bomberman"/>
		</Unit>
		<Unit filename="/home/Mardel/ModulesTek2/C++/cpp_indie_studio/sources/GameMapFactory.cpp">
			<Option target="bomberman"/>
		</Unit>
		<Unit filename="/home/Mardel/ModulesTek2/C++/cpp_indie_studio/sources/GameObjects/Bomb.cpp">
			<Option target="bomberman"/>
		</Unit>
		<Unit filename="/home/Mardel/ModulesTek2/C++/cpp_indie_studio/sources/GameObjects/Explosion.cpp">
			<Option target="bomberman"/>
		</Unit>
		<Unit filename="/home/Mardel/ModulesTek2/C++/cpp_indie_studio/sources/GameObjects/GameObject.cpp">
			<Option target="bomberman"/>
		</Unit>
		<Unit filename="/home/Mardel/ModulesTek2/C++/cpp_indie_studio/sources/GameObjects/Monster.cpp">
			<Option target="bomberman"/>
		</Unit>
		<Unit filename="/home/Mardel/ModulesTek2/C++/cpp_indie_studio/sources/GameObjects/Player.cpp">
			<Option target="bomberman"/>
		</Unit>
		<Unit filename="/home/Mardel/ModulesTek2/C++/cpp_indie_studio/sources/GameObjects/PowerUps.cpp">
			<Option target="bomberman"/>
		</Unit>
		<Unit filename="/home/Mardel/ModulesTek2/C++/cpp_indie_studio/sources/GameObjects/Test.cpp">
			<Option target="bomberman"/>
		</Unit>
		<Unit filename="/home/Mardel/ModulesTek2/C++/cpp_indie_studio/sources/GameObjects/Test.h">
			<Option target="bomberman"/>
		</Unit>
		<Unit filename="/home/Mardel/ModulesTek2/C++/cpp_indie_studio/sources/GameObjects/Walls.cpp">
			<Option target="bomberman"/>
		</Unit>
		<Unit filename="/home/Mardel/ModulesTek2/C++/cpp_indie_studio/sources/GameRenderer.cpp">
			<Option target="bomberman"/>
		</Unit>
		<Unit filename="/home/Mardel/ModulesTek2/C++/cpp_indie_studio/sources/GameTime.cpp">
			<Option target="bomberman"/>
		</Unit>
		<Unit filename="/home/Mardel/ModulesTek2/C++/cpp_indie_studio/sources/GameUIManager.cpp">
			<Option target="bomberman"/>
		</Unit>
		<Unit filename="/home/Mardel/ModulesTek2/C++/cpp_indie_studio/sources/GameUtils.cpp">
			<Option target="bomberman"/>
		</Unit>
		<Unit filename="/home/Mardel/ModulesTek2/C++/cpp_indie_studio/sources/MainMenu.cpp">
			<Option target="bomberman"/>
		</Unit>
		<Unit filename="/home/Mardel/ModulesTek2/C++/cpp_indie_studio/sources/PlayerBuff.cpp">
			<Option target="bomberman"/>
		</Unit>
		<Unit filename="/home/Mardel/ModulesTek2/C++/cpp_indie_studio/sources/gameclient/GameSession.cpp">
			<Option target="bomberman"/>
		</Unit>
		<Unit filename="/home/Mardel/ModulesTek2/C++/cpp_indie_studio/sources/gameclient/GameSessionConnector.cpp">
			<Option target="bomberman"/>
		</Unit>
		<Unit filename="/home/Mardel/ModulesTek2/C++/cpp_indie_studio/sources/gameclient/GameSessionController.cpp">
			<Option target="bomberman"/>
		</Unit>
		<Unit filename="/home/Mardel/ModulesTek2/C++/cpp_indie_studio/sources/gameclient/GameSessionHandler.cpp">
			<Option target="bomberman"/>
		</Unit>
		<Unit filename="/home/Mardel/ModulesTek2/C++/cpp_indie_studio/sources/gameserver/GameClient.cpp">
			<Option target="bomberman"/>
		</Unit>
		<Unit filename="/home/Mardel/ModulesTek2/C++/cpp_indie_studio/sources/gameserver/GameClientHandler.cpp">
			<Option target="bomberman"/>
		</Unit>
		<Unit filename="/home/Mardel/ModulesTek2/C++/cpp_indie_studio/sources/gameserver/GameServer.cpp">
			<Option target="bomberman"/>
		</Unit>
		<Unit filename="/home/Mardel/ModulesTek2/C++/cpp_indie_studio/sources/gameserver/GameServerController.cpp">
			<Option target="bomberman"/>
		</Unit>
		<Unit filename="/home/Mardel/ModulesTek2/C++/cpp_indie_studio/sources/network/ANetworkClient.cpp">
			<Option target="bomberman"/>
		</Unit>
		<Unit filename="/home/Mardel/ModulesTek2/C++/cpp_indie_studio/sources/network/ANetworkController.cpp">
			<Option target="bomberman"/>
		</Unit>
		<Unit filename="/home/Mardel/ModulesTek2/C++/cpp_indie_studio/sources/network/NetworkClientAdapter.cpp">
			<Option target="bomberman"/>
		</Unit>
		<Unit filename="/home/Mardel/ModulesTek2/C++/cpp_indie_studio/sources/network/NetworkProtocol.cpp">
			<Option target="bomberman"/>
		</Unit>
		<Unit filename="/home/Mardel/ModulesTek2/C++/cpp_indie_studio/sources/protocol/HelloConnectMessage.cpp">
			<Option target="bomberman"/>
		</Unit>
		<Unit filename="/home/Mardel/ModulesTek2/C++/cpp_indie_studio/sources/protocol/MapDataMessage.cpp">
			<Option target="bomberman"/>
		</Unit>
		<Unit filename="/home/Mardel/ModulesTek2/C++/cpp_indie_studio/sources/serializable/BinaryDataReader.cpp">
			<Option target="bomberman"/>
		</Unit>
		<Unit filename="/home/Mardel/ModulesTek2/C++/cpp_indie_studio/sources/serializable/BinaryDataWriter.cpp">
			<Option target="bomberman"/>
		</Unit>
		<Unit filename="/home/Mardel/ModulesTek2/C++/cpp_indie_studio/sources/serializable/GameDataSerializer.cpp">
			<Option target="bomberman"/>
		</Unit>
		<Unit filename="/home/Mardel/ModulesTek2/C++/cpp_indie_studio/sources/shared/ANetworkAsyncListener.cpp">
			<Option target="bomberman"/>
		</Unit>
		<Unit filename="/home/Mardel/ModulesTek2/C++/cpp_indie_studio/sources/shared/ANetworkAsyncServer.cpp">
			<Option target="bomberman"/>
		</Unit>
		<Unit filename="/home/Mardel/ModulesTek2/C++/cpp_indie_studio/sources/shared/ANetworkBuffer.cpp">
			<Option target="bomberman"/>
		</Unit>
		<Unit filename="/home/Mardel/ModulesTek2/C++/cpp_indie_studio/sources/shared/ANetworkClientAdapter.cpp">
			<Option target="bomberman"/>
		</Unit>
		<Unit filename="/home/Mardel/ModulesTek2/C++/cpp_indie_studio/sources/shared/NetworkClient.cpp">
			<Option target="bomberman"/>
		</Unit>
		<Unit filename="/home/Mardel/ModulesTek2/C++/cpp_indie_studio/sources/shared/NetworkSocket.cpp">
			<Option target="bomberman"/>
		</Unit>
		<Unit filename="/home/Mardel/ModulesTek2/C++/cpp_indie_studio/sources/shared/impl/BasicNetworkBuffer.cpp">
			<Option target="bomberman"/>
		</Unit>
		<Unit filename="/home/Mardel/ModulesTek2/C++/cpp_indie_studio/CMakeLists.txt">
			<Option virtualFolder="CMake Files\"/>
		</Unit>
	</Project>
</CodeBlocks_project_file>
